
Microsoft Visual Studio Solution File, Format Version 12.00
# Visual Studio Version 16
VisualStudioVersion = 16.0.30114.105
MinimumVisualStudioVersion = 10.0.40219.1
Project("{FAE04EC0-301F-11D3-BF4B-00C04F79EFBC}") = "Domain", "Domain\Domain.csproj", "{7AFC09F0-C423-4D77-B17D-8C9947B9C4F9}"
EndProject
Project("{FAE04EC0-301F-11D3-BF4B-00C04F79EFBC}") = "Application", "Application\Application.csproj", "{29E5ADC8-5D98-4884-92CC-4B4523E7393A}"
EndProject
Project("{FAE04EC0-301F-11D3-BF4B-00C04F79EFBC}") = "Persistence", "Persistence\Persistence.csproj", "{52B2F8FE-73BA-43F2-BF9B-80106D5816D3}"
EndProject
Project("{FAE04EC0-301F-11D3-BF4B-00C04F79EFBC}") = "API", "API\API.csproj", "{9E86CC49-464B-416F-97CD-D87828ECA492}"
EndProject
Global
	GlobalSection(SolutionConfigurationPlatforms) = preSolution
		Debug|Any CPU = Debug|Any CPU
		Debug|x64 = Debug|x64
		Debug|x86 = Debug|x86
		Release|Any CPU = Release|Any CPU
		Release|x64 = Release|x64
		Release|x86 = Release|x86
	EndGlobalSection
	GlobalSection(SolutionProperties) = preSolution
		HideSolutionNode = FALSE
	EndGlobalSection
	GlobalSection(ProjectConfigurationPlatforms) = postSolution
		{7AFC09F0-C423-4D77-B17D-8C9947B9C4F9}.Debug|Any CPU.ActiveCfg = Debug|Any CPU
		{7AFC09F0-C423-4D77-B17D-8C9947B9C4F9}.Debug|Any CPU.Build.0 = Debug|Any CPU
		{7AFC09F0-C423-4D77-B17D-8C9947B9C4F9}.Debug|x64.ActiveCfg = Debug|Any CPU
		{7AFC09F0-C423-4D77-B17D-8C9947B9C4F9}.Debug|x64.Build.0 = Debug|Any CPU
		{7AFC09F0-C423-4D77-B17D-8C9947B9C4F9}.Debug|x86.ActiveCfg = Debug|Any CPU
		{7AFC09F0-C423-4D77-B17D-8C9947B9C4F9}.Debug|x86.Build.0 = Debug|Any CPU
		{7AFC09F0-C423-4D77-B17D-8C9947B9C4F9}.Release|Any CPU.ActiveCfg = Release|Any CPU
		{7AFC09F0-C423-4D77-B17D-8C9947B9C4F9}.Release|Any CPU.Build.0 = Release|Any CPU
		{7AFC09F0-C423-4D77-B17D-8C9947B9C4F9}.Release|x64.ActiveCfg = Release|Any CPU
		{7AFC09F0-C423-4D77-B17D-8C9947B9C4F9}.Release|x64.Build.0 = Release|Any CPU
		{7AFC09F0-C423-4D77-B17D-8C9947B9C4F9}.Release|x86.ActiveCfg = Release|Any CPU
		{7AFC09F0-C423-4D77-B17D-8C9947B9C4F9}.Release|x86.Build.0 = Release|Any CPU
		{29E5ADC8-5D98-4884-92CC-4B4523E7393A}.Debug|Any CPU.ActiveCfg = Debug|Any CPU
		{29E5ADC8-5D98-4884-92CC-4B4523E7393A}.Debug|Any CPU.Build.0 = Debug|Any CPU
		{29E5ADC8-5D98-4884-92CC-4B4523E7393A}.Debug|x64.ActiveCfg = Debug|Any CPU
		{29E5ADC8-5D98-4884-92CC-4B4523E7393A}.Debug|x64.Build.0 = Debug|Any CPU
		{29E5ADC8-5D98-4884-92CC-4B4523E7393A}.Debug|x86.ActiveCfg = Debug|Any CPU
		{29E5ADC8-5D98-4884-92CC-4B4523E7393A}.Debug|x86.Build.0 = Debug|Any CPU
		{29E5ADC8-5D98-4884-92CC-4B4523E7393A}.Release|Any CPU.ActiveCfg = Release|Any CPU
		{29E5ADC8-5D98-4884-92CC-4B4523E7393A}.Release|Any CPU.Build.0 = Release|Any CPU
		{29E5ADC8-5D98-4884-92CC-4B4523E7393A}.Release|x64.ActiveCfg = Release|Any CPU
		{29E5ADC8-5D98-4884-92CC-4B4523E7393A}.Release|x64.Build.0 = Release|Any CPU
		{29E5ADC8-5D98-4884-92CC-4B4523E7393A}.Release|x86.ActiveCfg = Release|Any CPU
		{29E5ADC8-5D98-4884-92CC-4B4523E7393A}.Release|x86.Build.0 = Release|Any CPU
		{52B2F8FE-73BA-43F2-BF9B-80106D5816D3}.Debug|Any CPU.ActiveCfg = Debug|Any CPU
		{52B2F8FE-73BA-43F2-BF9B-80106D5816D3}.Debug|Any CPU.Build.0 = Debug|Any CPU
		{52B2F8FE-73BA-43F2-BF9B-80106D5816D3}.Debug|x64.ActiveCfg = Debug|Any CPU
		{52B2F8FE-73BA-43F2-BF9B-80106D5816D3}.Debug|x64.Build.0 = Debug|Any CPU
		{52B2F8FE-73BA-43F2-BF9B-80106D5816D3}.Debug|x86.ActiveCfg = Debug|Any CPU
		{52B2F8FE-73BA-43F2-BF9B-80106D5816D3}.Debug|x86.Build.0 = Debug|Any CPU
		{52B2F8FE-73BA-43F2-BF9B-80106D5816D3}.Release|Any CPU.ActiveCfg = Release|Any CPU
		{52B2F8FE-73BA-43F2-BF9B-80106D5816D3}.Release|Any CPU.Build.0 = Release|Any CPU
		{52B2F8FE-73BA-43F2-BF9B-80106D5816D3}.Release|x64.ActiveCfg = Release|Any CPU
		{52B2F8FE-73BA-43F2-BF9B-80106D5816D3}.Release|x64.Build.0 = Release|Any CPU
		{52B2F8FE-73BA-43F2-BF9B-80106D5816D3}.Release|x86.ActiveCfg = Release|Any CPU
		{52B2F8FE-73BA-43F2-BF9B-80106D5816D3}.Release|x86.Build.0 = Release|Any CPU
		{9E86CC49-464B-416F-97CD-D87828ECA492}.Debug|Any CPU.ActiveCfg = Debug|Any CPU
		{9E86CC49-464B-416F-97CD-D87828ECA492}.Debug|Any CPU.Build.0 = Debug|Any CPU
		{9E86CC49-464B-416F-97CD-D87828ECA492}.Debug|x64.ActiveCfg = Debug|Any CPU
		{9E86CC49-464B-416F-97CD-D87828ECA492}.Debug|x64.Build.0 = Debug|Any CPU
		{9E86CC49-464B-416F-97CD-D87828ECA492}.Debug|x86.ActiveCfg = Debug|Any CPU
		{9E86CC49-464B-416F-97CD-D87828ECA492}.Debug|x86.Build.0 = Debug|Any CPU
		{9E86CC49-464B-416F-97CD-D87828ECA492}.Release|Any CPU.ActiveCfg = Release|Any CPU
		{9E86CC49-464B-416F-97CD-D87828ECA492}.Release|Any CPU.Build.0 = Release|Any CPU
		{9E86CC49-464B-416F-97CD-D87828ECA492}.Release|x64.ActiveCfg = Release|Any CPU
		{9E86CC49-464B-416F-97CD-D87828ECA492}.Release|x64.Build.0 = Release|Any CPU
		{9E86CC49-464B-416F-97CD-D87828ECA492}.Release|x86.ActiveCfg = Release|Any CPU
		{9E86CC49-464B-416F-97CD-D87828ECA492}.Release|x86.Build.0 = Release|Any CPU
	EndGlobalSection
EndGlobal
